{
  "name": "S06P22C206",
  "lockfileVersion": 2,
  "requires": true,
  "packages": {
    "": {
      "dependencies": {
        "next-session": "^4.0.4"
      }
    },
    "node_modules/cookie": {
      "version": "0.4.2",
      "resolved": "https://registry.npmjs.org/cookie/-/cookie-0.4.2.tgz",
      "integrity": "sha512-aSWTXFzaKWkvHO1Ny/s+ePFpvKsPnjc551iI41v3ny/ow6tBG5Vd+FuqGNhh1LxOmVzOlGUriIlOaokOvhaStA==",
      "engines": {
        "node": ">= 0.6"
      }
    },
    "node_modules/nanoid": {
      "version": "3.3.2",
      "resolved": "https://registry.npmjs.org/nanoid/-/nanoid-3.3.2.tgz",
      "integrity": "sha512-CuHBogktKwpm5g2sRgv83jEy2ijFzBwMoYA60orPDR7ynsLijJDqgsi4RDGj3OJpy3Ieb+LYwiRmIOGyytgITA==",
      "bin": {
        "nanoid": "bin/nanoid.cjs"
      },
      "engines": {
        "node": "^10 || ^12 || ^13.7 || ^14 || >=15.0.1"
      }
    },
    "node_modules/next-session": {
      "version": "4.0.4",
      "resolved": "https://registry.npmjs.org/next-session/-/next-session-4.0.4.tgz",
      "integrity": "sha512-wMj3rg9+RomQGGxNNKUvkIgVvz+IZiW2v4IsLLshtgFUGoMI+svDYOo9P6Gja/aFjfDzRGPoBIJ4UmJeaQD9Hw==",
      "dependencies": {
        "cookie": "^0.4.1",
        "nanoid": "^3.1.25"
      },
      "engines": {
        "node": "^12.20.0 || ^14.13.1 || >=16.0.0"
      }
    }
  },
  "dependencies": {
    "cookie": {
      "version": "0.4.2",
      "resolved": "https://registry.npmjs.org/cookie/-/cookie-0.4.2.tgz",
      "integrity": "sha512-aSWTXFzaKWkvHO1Ny/s+ePFpvKsPnjc551iI41v3ny/ow6tBG5Vd+FuqGNhh1LxOmVzOlGUriIlOaokOvhaStA=="
    },
    "nanoid": {
      "version": "3.3.2",
      "resolved": "https://registry.npmjs.org/nanoid/-/nanoid-3.3.2.tgz",
      "integrity": "sha512-CuHBogktKwpm5g2sRgv83jEy2ijFzBwMoYA60orPDR7ynsLijJDqgsi4RDGj3OJpy3Ieb+LYwiRmIOGyytgITA=="
    },
    "next-session": {
      "version": "4.0.4",
      "resolved": "https://registry.npmjs.org/next-session/-/next-session-4.0.4.tgz",
      "integrity": "sha512-wMj3rg9+RomQGGxNNKUvkIgVvz+IZiW2v4IsLLshtgFUGoMI+svDYOo9P6Gja/aFjfDzRGPoBIJ4UmJeaQD9Hw==",
      "requires": {
        "cookie": "^0.4.1",
        "nanoid": "^3.1.25"
      }
    }
  }
}
